
Microsoft Visual Studio Solution File, Format Version 12.00
# Visual Studio 15
VisualStudioVersion = 15.0.28307.1340
MinimumVisualStudioVersion = 10.0.40219.1
Project("{F184B08F-C81C-45F6-A57F-5ABD9991F28F}") = "Learning Github", "Learning Github\Learning Github.vbproj", "{D504FBE4-260E-45B0-B29E-6F1EDCCA5B6F}"
EndProject
Global
	GlobalSection(SolutionConfigurationPlatforms) = preSolution
		Debug|Any CPU = Debug|Any CPU
		Release|Any CPU = Release|Any CPU
	EndGlobalSection
	GlobalSection(ProjectConfigurationPlatforms) = postSolution
		{D504FBE4-260E-45B0-B29E-6F1EDCCA5B6F}.Debug|Any CPU.ActiveCfg = Debug|Any CPU
		{D504FBE4-260E-45B0-B29E-6F1EDCCA5B6F}.Debug|Any CPU.Build.0 = Debug|Any CPU
		{D504FBE4-260E-45B0-B29E-6F1EDCCA5B6F}.Release|Any CPU.ActiveCfg = Release|Any CPU
		{D504FBE4-260E-45B0-B29E-6F1EDCCA5B6F}.Release|Any CPU.Build.0 = Release|Any CPU
	EndGlobalSection
	GlobalSection(SolutionProperties) = preSolution
		HideSolutionNode = FALSE
	EndGlobalSection
	GlobalSection(ExtensibilityGlobals) = postSolution
		SolutionGuid = {4CE82B75-C756-4A8D-A90D-914CB5586B11}
	EndGlobalSection
EndGlobal
